
Microsoft Visual Studio Solution File, Format Version 12.00
# Visual Studio 2012
Project("{FAE04EC0-301F-11D3-BF4B-00C04F79EFBC}") = "FB", "FB\FB.csproj", "{6B25DB3A-7B92-435A-A470-C0C34C477C82}"
EndProject
Project("{FAE04EC0-301F-11D3-BF4B-00C04F79EFBC}") = "AMZN", "AMZN\AMZN.csproj", "{691E8016-C078-4302-85B2-0F0A29EF58A5}"
EndProject
Project("{FAE04EC0-301F-11D3-BF4B-00C04F79EFBC}") = "TWT", "TWT\TWT.csproj", "{67EDAF7A-009F-4506-8147-53907C7746A8}"
EndProject
Project("{FAE04EC0-301F-11D3-BF4B-00C04F79EFBC}") = "GOOG", "GOOG\GOOG.csproj", "{FB919A57-365A-471E-99C8-29E786B25926}"
EndProject
Project("{FAE04EC0-301F-11D3-BF4B-00C04F79EFBC}") = "LKTN", "LKTN\LKTN.csproj", "{EBD09645-6D34-40D7-A85F-82B0F30FC88C}"
EndProject
Project("{FAE04EC0-301F-11D3-BF4B-00C04F79EFBC}") = "Others", "Others\Others.csproj", "{2B938824-7ACC-478F-9B06-D319431278BA}"
EndProject
Project("{FAE04EC0-301F-11D3-BF4B-00C04F79EFBC}") = "ACMPrep", "ACMPrep\ACMPrep.csproj", "{5EC4552E-F125-404B-9842-05A9D5B46249}"
EndProject
Global
	GlobalSection(SolutionConfigurationPlatforms) = preSolution
		Debug|Any CPU = Debug|Any CPU
		Release|Any CPU = Release|Any CPU
	EndGlobalSection
	GlobalSection(ProjectConfigurationPlatforms) = postSolution
		{6B25DB3A-7B92-435A-A470-C0C34C477C82}.Debug|Any CPU.ActiveCfg = Debug|Any CPU
		{6B25DB3A-7B92-435A-A470-C0C34C477C82}.Debug|Any CPU.Build.0 = Debug|Any CPU
		{6B25DB3A-7B92-435A-A470-C0C34C477C82}.Release|Any CPU.ActiveCfg = Release|Any CPU
		{6B25DB3A-7B92-435A-A470-C0C34C477C82}.Release|Any CPU.Build.0 = Release|Any CPU
		{691E8016-C078-4302-85B2-0F0A29EF58A5}.Debug|Any CPU.ActiveCfg = Debug|Any CPU
		{691E8016-C078-4302-85B2-0F0A29EF58A5}.Debug|Any CPU.Build.0 = Debug|Any CPU
		{691E8016-C078-4302-85B2-0F0A29EF58A5}.Release|Any CPU.ActiveCfg = Release|Any CPU
		{691E8016-C078-4302-85B2-0F0A29EF58A5}.Release|Any CPU.Build.0 = Release|Any CPU
		{67EDAF7A-009F-4506-8147-53907C7746A8}.Debug|Any CPU.ActiveCfg = Debug|Any CPU
		{67EDAF7A-009F-4506-8147-53907C7746A8}.Debug|Any CPU.Build.0 = Debug|Any CPU
		{67EDAF7A-009F-4506-8147-53907C7746A8}.Release|Any CPU.ActiveCfg = Release|Any CPU
		{67EDAF7A-009F-4506-8147-53907C7746A8}.Release|Any CPU.Build.0 = Release|Any CPU
		{FB919A57-365A-471E-99C8-29E786B25926}.Debug|Any CPU.ActiveCfg = Debug|Any CPU
		{FB919A57-365A-471E-99C8-29E786B25926}.Debug|Any CPU.Build.0 = Debug|Any CPU
		{FB919A57-365A-471E-99C8-29E786B25926}.Release|Any CPU.ActiveCfg = Release|Any CPU
		{FB919A57-365A-471E-99C8-29E786B25926}.Release|Any CPU.Build.0 = Release|Any CPU
		{EBD09645-6D34-40D7-A85F-82B0F30FC88C}.Debug|Any CPU.ActiveCfg = Debug|Any CPU
		{EBD09645-6D34-40D7-A85F-82B0F30FC88C}.Debug|Any CPU.Build.0 = Debug|Any CPU
		{EBD09645-6D34-40D7-A85F-82B0F30FC88C}.Release|Any CPU.ActiveCfg = Release|Any CPU
		{EBD09645-6D34-40D7-A85F-82B0F30FC88C}.Release|Any CPU.Build.0 = Release|Any CPU
		{2B938824-7ACC-478F-9B06-D319431278BA}.Debug|Any CPU.ActiveCfg = Debug|Any CPU
		{2B938824-7ACC-478F-9B06-D319431278BA}.Debug|Any CPU.Build.0 = Debug|Any CPU
		{2B938824-7ACC-478F-9B06-D319431278BA}.Release|Any CPU.ActiveCfg = Release|Any CPU
		{2B938824-7ACC-478F-9B06-D319431278BA}.Release|Any CPU.Build.0 = Release|Any CPU
		{5EC4552E-F125-404B-9842-05A9D5B46249}.Debug|Any CPU.ActiveCfg = Debug|Any CPU
		{5EC4552E-F125-404B-9842-05A9D5B46249}.Debug|Any CPU.Build.0 = Debug|Any CPU
		{5EC4552E-F125-404B-9842-05A9D5B46249}.Release|Any CPU.ActiveCfg = Release|Any CPU
		{5EC4552E-F125-404B-9842-05A9D5B46249}.Release|Any CPU.Build.0 = Release|Any CPU
	EndGlobalSection
	GlobalSection(SolutionProperties) = preSolution
		HideSolutionNode = FALSE
	EndGlobalSection
EndGlobal
